github.com/PuerkitoBio/goquery v0.0.0-20160831162211-152b1a2c8f5d h1:ZVoAnQQWbfclou/pI1IzVNihaUC3tW4HAZl6iQ8ICcc=
github.com/PuerkitoBio/goquery v0.0.0-20160831162211-152b1a2c8f5d/go.mod h1:T9ezsOHcCrDCgA8aF1Cqr3sSYbO/xgdy8/R/XiIMAhA=
github.com/andybalholm/cascadia v0.0.0-20161214013955-196d48ce4ae8 h1:9NyeWjhhuLnKCkGdpJNx6gRjXIl7X5+SszP0oyx5Bxo=
github.com/andybalholm/cascadia v0.0.0-20161214013955-196d48ce4ae8/go.mod h1:3I+3V7B6gTBYfdpYgIG2ymALS9H+5VDKUl3lHH7ToM4=
github.com/go-kit/kit v0.0.0-20161219103718-905b60253dba h1:QWlZRXxVAE/t2dFIJr5CQbWwKF2yOnsPwJwbo2UzLEQ=
github.com/go-kit/kit v0.0.0-20161219103718-905b60253dba/go.mod h1:xBxKIO96dXMWWy0MnWVtmwkA9/13aqxPnvrjFYMA2as=
github.com/go-logfmt/logfmt v0.3.0 h1:8HUsc87TaSWLKwrnumgC8/YconD2fJQsRJAsWaPg2ic=
github.com/go-logfmt/logfmt v0.3.0/go.mod h1:Qt1PoO58o5twSAckw1HlFXLmHsOX5/0LbT9GBnD5lWE=
github.com/go-restit/lzjson v0.0.0-20161206095556-efe3c53acc68 h1:QR2R74UbwMtnEVGVvNfcx6mQmWGgN8abQeXOy92pQIo=
github.com/go-restit/lzjson v0.0.0-20161206095556-efe3c53acc68/go.mod h1:7vXSKQt83WmbPeyVjCfNT9YDJ5BUFmcwFsEjI9SCvYM=
github.com/go-stack/stack v1.5.2 h1:5sTB/0oZM2O31k/N1IRwxxVXzLIt5NF2Aqx/2gWI9OY=
github.com/go-stack/stack v1.5.2/go.mod h1:v0f6uXyyMGvRgIKkXu+yp6POWl0qKG85gN/melR3HDY=
github.com/gorilla/context v1.1.1 h1:AWwleXJkX/nhcU9bZSnZoi3h/qGYqQAGhq6zZe/aQW8=
github.com/gorilla/context v1.1.1/go.mod h1:kBGZzfjB9CEq2AlWe17Uuf7NDRt0dE0s8S51q0aT7Yg=
github.com/gorilla/mux v0.0.0-20160920230813-757bef944d0f h1:MMWIc1CNY0wbzX1vf1pTaNeK7X1gQQg036wVnlYPsaI=
github.com/gorilla/mux v0.0.0-20160920230813-757bef944d0f/go.mod h1:1lud6UwP+6orDFRuTfBEV8e9/aOM/c4fVVCaMa2zaAs=
github.com/kr/logfmt v0.0.0-20140226030751-b84e30acd515 h1:T+h1c/A9Gawja4Y9mFVWj2vyii2bbUNDw3kt9VxK2EY=
github.com/kr/logfmt v0.0.0-20140226030751-b84e30acd515/go.mod h1:+0opPa2QZZtGFBFZlji/RkVcI2GknAs/DXo4wKdlNEc=
github.com/kr/text v0.0.0-20160504234017-7cafcd837844 h1:kpzneEBeC0dMewP3gr/fADv1OlblH9r1goWVwpOt3TU=
github.com/kr/text v0.0.0-20160504234017-7cafcd837844/go.mod h1:sjUstKUATFIcff4qlB53Kml0wQPtJVc/3fWrmuUmcfA=
github.com/mmcdole/gofeed v0.0.0-20161202021325-0058183a2948 h1:YdWzZhCScYT00mACUSsSU98Wdpm0cFD11dEon/gx27c=
github.com/mmcdole/gofeed v0.0.0-20161202021325-0058183a2948/go.mod h1:/BF9JneEL2/flujm8XHoxUcghdTV6vvb3xx/vKyChFU=
github.com/mmcdole/goxpp v0.0.0-20160419160217-e38884aa48c1 h1:uVhXwzNiHeS16GSJ5XUysvKi0kRf5D26HXuLwP4tVOc=
github.com/mmcdole/goxpp v0.0.0-20160419160217-e38884aa48c1/go.mod h1:pasqhqstspkosTneA62Nc+2p9SOBBYAPbnmRRWPQ0V8=
github.com/tonnerre/golang-pretty v0.0.0-20130925195953-e7fccc03e91b h1:9Q8vin4Zis149JmpLGdL34FIHtfs9f5MhDCNqJNMnJg=
github.com/tonnerre/golang-pretty v0.0.0-20130925195953-e7fccc03e91b/go.mod h1:s4hDrlxPLfC2F0qhb5JA3nTfR6R/u60pZNNPKYWl83c=
go4.org v0.0.0-20161118210015-09d86de304dc h1:lBie6wwMhDAAoS18JnLhqTSCGou+sQnBlWraOfAPRuk=
go4.org v0.0.0-20161118210015-09d86de304dc/go.mod h1:MkTOUMDaeVYJUOUsaDXIhWPZYa1yOyC1qaOBpL57BhE=
golang.org/x/net v0.0.0-20161215194249-45e771701b81 h1:fw6vKYqWlQqaVrIv7KcFK8YHLSj7xKY86A9h28yw1ws=
golang.org/x/net v0.0.0-20161215194249-45e771701b81/go.mod h1:mL1N/T3taQHkDXs73rZJwtUhF3w3ftmwwsq0BUmARs4=
golang.org/x/text v0.0.0-20161216064924-a49bea13b776 h1:VwQAlTVMub8B20+3NDFe2gC2ynlNBAGybJ677Zh1z/4=
golang.org/x/text v0.0.0-20161216064924-a49bea13b776/go.mod h1:NqM8EUOU14njkJ3fqMW+pc6Ldnwhi/IjpwHt7yyuwOQ=
gopkg.in/go-redis/cache.v5 v5.0.2 h1:PUC/Dea7JbrEeAFbINGCxI8Ys2om9rcyTbZkddvb9Yc=
gopkg.in/go-redis/cache.v5 v5.0.2/go.mod h1:80EjkOOpG1fKwoCCYF72J64GXV1KqcnmpdU+H8UStcg=
gopkg.in/redis.v5 v5.1.5 h1:ugYDSdYiZHeiGVHph5SIB7wRI7ZvptUrn17yRn/vvOc=
gopkg.in/redis.v5 v5.1.5/go.mod h1:6gtv0/+A4iM08kdRfocWYB3bLX2tebpNtfKlFT6H4mY=
